
Microsoft Visual Studio Solution File, Format Version 12.00
# Visual Studio Version 17
VisualStudioVersion = 17.12.35506.116
MinimumVisualStudioVersion = 10.0.40219.1
Project("{FAE04EC0-301F-11D3-BF4B-00C04F79EFBC}") = "CVManager.DAL", "CVManager.DAL\CVManager.DAL.csproj", "{C2831BA7-7D09-4577-B4A5-74BED4AF5CDA}"
EndProject
Project("{FAE04EC0-301F-11D3-BF4B-00C04F79EFBC}") = "CVManager.WebApplication", "CVManager.WebApplication\CVManager.WebApplication.csproj", "{05AFAD07-2201-4485-BAB9-4283D9F404F4}"
EndProject
Project("{FAE04EC0-301F-11D3-BF4B-00C04F79EFBC}") = "CVManager.Test", "CVManager.Test\CVManager.Test.csproj", "{5733E549-DEC4-422F-8A8E-1C2573835EAA}"
EndProject
Global
	GlobalSection(SolutionConfigurationPlatforms) = preSolution
		Debug|Any CPU = Debug|Any CPU
		Release|Any CPU = Release|Any CPU
	EndGlobalSection
	GlobalSection(ProjectConfigurationPlatforms) = postSolution
		{C2831BA7-7D09-4577-B4A5-74BED4AF5CDA}.Debug|Any CPU.ActiveCfg = Debug|Any CPU
		{C2831BA7-7D09-4577-B4A5-74BED4AF5CDA}.Debug|Any CPU.Build.0 = Debug|Any CPU
		{C2831BA7-7D09-4577-B4A5-74BED4AF5CDA}.Release|Any CPU.ActiveCfg = Release|Any CPU
		{C2831BA7-7D09-4577-B4A5-74BED4AF5CDA}.Release|Any CPU.Build.0 = Release|Any CPU
		{05AFAD07-2201-4485-BAB9-4283D9F404F4}.Debug|Any CPU.ActiveCfg = Debug|Any CPU
		{05AFAD07-2201-4485-BAB9-4283D9F404F4}.Debug|Any CPU.Build.0 = Debug|Any CPU
		{05AFAD07-2201-4485-BAB9-4283D9F404F4}.Release|Any CPU.ActiveCfg = Release|Any CPU
		{05AFAD07-2201-4485-BAB9-4283D9F404F4}.Release|Any CPU.Build.0 = Release|Any CPU
		{5733E549-DEC4-422F-8A8E-1C2573835EAA}.Debug|Any CPU.ActiveCfg = Debug|Any CPU
		{5733E549-DEC4-422F-8A8E-1C2573835EAA}.Debug|Any CPU.Build.0 = Debug|Any CPU
		{5733E549-DEC4-422F-8A8E-1C2573835EAA}.Release|Any CPU.ActiveCfg = Release|Any CPU
		{5733E549-DEC4-422F-8A8E-1C2573835EAA}.Release|Any CPU.Build.0 = Release|Any CPU
	EndGlobalSection
	GlobalSection(SolutionProperties) = preSolution
		HideSolutionNode = FALSE
	EndGlobalSection
EndGlobal
